
Microsoft Visual Studio Solution File, Format Version 12.00
# Visual Studio Version 17
VisualStudioVersion = 17.10.35122.118
MinimumVisualStudioVersion = 10.0.40219.1
Project("{FAE04EC0-301F-11D3-BF4B-00C04F79EFBC}") = "Tetris", "Tetris\Tetris.csproj", "{8D409635-2649-45F2-9181-E1BE69C0811C}"
EndProject
Global
	GlobalSection(SolutionConfigurationPlatforms) = preSolution
		Debug|Any CPU = Debug|Any CPU
		Release|Any CPU = Release|Any CPU
	EndGlobalSection
	GlobalSection(ProjectConfigurationPlatforms) = postSolution
		{8D409635-2649-45F2-9181-E1BE69C0811C}.Debug|Any CPU.ActiveCfg = Debug|Any CPU
		{8D409635-2649-45F2-9181-E1BE69C0811C}.Debug|Any CPU.Build.0 = Debug|Any CPU
		{8D409635-2649-45F2-9181-E1BE69C0811C}.Release|Any CPU.ActiveCfg = Release|Any CPU
		{8D409635-2649-45F2-9181-E1BE69C0811C}.Release|Any CPU.Build.0 = Release|Any CPU
	EndGlobalSection
	GlobalSection(SolutionProperties) = preSolution
		HideSolutionNode = FALSE
	EndGlobalSection
	GlobalSection(ExtensibilityGlobals) = postSolution
		SolutionGuid = {22F18E3F-0408-4681-979A-4272E6A4C56D}
	EndGlobalSection
EndGlobal
